{
    "name": "bash.origin",
    "version": "0.1.85",
    "lockfileVersion": 1,
    "requires": true,
    "dependencies": {
        "bash.origin.workspace": {
            "version": "0.2.63",
            "resolved": "https://registry.npmjs.org/bash.origin.workspace/-/bash.origin.workspace-0.2.63.tgz",
            "integrity": "sha512-3LAT6J/i62HfIzfP39zzIbTEhoEQH1bg/EBfWsr2OvYkt31Eg2L4ImLI7isooBPRBre39bpBUwDZVKSEa3NYTw==",
            "dev": true,
            "requires": {
                "bash.origin": "0.1.85"
            },
            "dependencies": {
                "bash.origin": {
                    "version": "0.1.85",
                    "resolved": "https://registry.npmjs.org/bash.origin/-/bash.origin-0.1.85.tgz",
                    "integrity": "sha512-QC16GTWa3yQmNX0s1JeR3bIdQdj9uzkyHPpWddDC6UfJjDPMbrdYKWWVCoKnG8Url/7lGg+QaJ6c2PrrnQnGWw==",
                    "dev": true
                }
            }
        }
    }
}
