{
    "name": "bash.origin",
    "version": "0.1.90",
    "lockfileVersion": 1,
    "requires": true,
    "dependencies": {
        "bash.origin.workspace": {
            "version": "0.2.76",
            "resolved": "https://registry.npmjs.org/bash.origin.workspace/-/bash.origin.workspace-0.2.76.tgz",
            "integrity": "sha512-84NT6smrV2Vpr6fQYjlzojDpG1W05+tj9jYke6k+M7ui8hpIRPRVpi44jrrti1XNyrGl4EB3WqFUwQo00CJZ6A==",
            "dev": true,
            "requires": {
                "bash.origin": "0.1.90"
            },
            "dependencies": {
                "bash.origin": {
                    "version": "0.1.90",
                    "resolved": "https://registry.npmjs.org/bash.origin/-/bash.origin-0.1.90.tgz",
                    "integrity": "sha512-mXkQlOOwIxqsHrpy9rws/HY8h2qVZyvlL9Qu9bAZWNwwrKS+vmc+axKK1lTN/BChSIile9M2zM9PQcPIACDKfg==",
                    "dev": true
                }
            }
        }
    }
}
