{
    "name": "bash.origin",
    "version": "0.1.90",
    "lockfileVersion": 1,
    "requires": true,
    "dependencies": {
        "bash.origin.workspace": {
            "version": "0.2.77",
            "resolved": "https://registry.npmjs.org/bash.origin.workspace/-/bash.origin.workspace-0.2.77.tgz",
            "integrity": "sha512-dAEe4LiISIrqoBM9/VVHOdxbwB01c2+4m76owN5WhljEVKW2Qpxe099nArYDVFZgvqdGn6HKoMW7ucxmsWYW/g==",
            "dev": true,
            "requires": {
                "bash.origin": "^0.1.90"
            },
            "dependencies": {
                "bash.origin": {
                    "version": "0.1.90",
                    "resolved": "https://registry.npmjs.org/bash.origin/-/bash.origin-0.1.90.tgz",
                    "integrity": "sha512-mXkQlOOwIxqsHrpy9rws/HY8h2qVZyvlL9Qu9bAZWNwwrKS+vmc+axKK1lTN/BChSIile9M2zM9PQcPIACDKfg==",
                    "dev": true
                }
            }
        }
    }
}
